# THIS IS AN AUTOGENERATED FILE. DO NOT EDIT THIS FILE DIRECTLY.
# yarn lockfile v1


govuk-frontend@4.10.0:
  version "4.10.0"
  resolved "https://registry.yarnpkg.com/govuk-frontend/-/govuk-frontend-4.10.0.tgz#520b30e1778ee05de4bdf52866b9cfa4574b9d71"
  integrity sha512-oHwHdpycGZ7H6Skual1teBWN+0b+PYirifJkX8tQz1m7UWZb4JapppuOaVzcLD+11Q1hqqUJgR3gXDCosO9d4w==
