# THIS IS AN AUTOGENERATED FILE. DO NOT EDIT THIS FILE DIRECTLY.
# yarn lockfile v1


govuk-frontend@^3.15.0:
  version "3.15.0"
  resolved "https://registry.yarnpkg.com/govuk-frontend/-/govuk-frontend-3.15.0.tgz#47c9cc41c8100ee28bc3aaf9a29a0c62d88070c9"
  integrity sha512-kInDei8hrkMcrW7yC2EwhbSNBOBBPTdLxIDAye2G7KNrD9cyvNAfd0KchrfP/nWBOzu67ANoz2rtoRDLWiBN2w==
