# THIS IS AN AUTOGENERATED FILE. DO NOT EDIT THIS FILE DIRECTLY.
# yarn lockfile v1


"govuk-frontend@^3.14.0":
  "integrity" "sha512-y7FTuihCSA8Hty+e9h0uPhCoNanCAN+CLioNFlPmlbeHXpbi09VMyxTcH+XfnMPY4Cp++7096v0rLwwdapTXnA=="
  "resolved" "https://registry.npmjs.org/govuk-frontend/-/govuk-frontend-3.14.0.tgz"
  "version" "3.14.0"
